github.com/spakin/awk v1.0.0 h1:5ulBVgJhdN3XoFGNVv/MOHOIUfPVPvMCIlLH6O6ZqU4=
github.com/spakin/awk v1.0.0/go.mod h1:e7FnxcIEcRqdKwStPYWonox4n9DpharWk+3nnn1IqJs=
gonum.org/v1/gonum v0.15.1 h1:FNy7N6OUZVUaWG9pTiD+jlhdQ3lMP+/LcTpJ6+a8sQ0=
gonum.org/v1/gonum v0.15.1/go.mod h1:eZTZuRFrzu5pcyjN5wJhcIhnUdNijYxX1T2IcrOGY0o=
